
Microsoft Visual Studio Solution File, Format Version 12.00
# Visual Studio Version 17
VisualStudioVersion = 17.3.32929.385
MinimumVisualStudioVersion = 10.0.40219.1
Project("{FAE04EC0-301F-11D3-BF4B-00C04F79EFBC}") = "Atm.DAL", "Atm.DAL\Atm.DAL.csproj", "{98446D88-BA42-4F78-ACB8-F9D8BAB57455}"
EndProject
Project("{FAE04EC0-301F-11D3-BF4B-00C04F79EFBC}") = "Atm.BLL", "Atm.BLL\Atm.BLL.csproj", "{4FF661AF-08D1-4980-AAE1-E03C2B59B866}"
EndProject
Project("{FAE04EC0-301F-11D3-BF4B-00C04F79EFBC}") = "Atm.Client", "Atm.Client\Atm.Client.csproj", "{861506A2-CA43-4781-A9D7-5BD1A7FBBFB0}"
EndProject
Global
	GlobalSection(SolutionConfigurationPlatforms) = preSolution
		Debug|Any CPU = Debug|Any CPU
		Release|Any CPU = Release|Any CPU
	EndGlobalSection
	GlobalSection(ProjectConfigurationPlatforms) = postSolution
		{98446D88-BA42-4F78-ACB8-F9D8BAB57455}.Debug|Any CPU.ActiveCfg = Debug|Any CPU
		{98446D88-BA42-4F78-ACB8-F9D8BAB57455}.Debug|Any CPU.Build.0 = Debug|Any CPU
		{98446D88-BA42-4F78-ACB8-F9D8BAB57455}.Release|Any CPU.ActiveCfg = Release|Any CPU
		{98446D88-BA42-4F78-ACB8-F9D8BAB57455}.Release|Any CPU.Build.0 = Release|Any CPU
		{4FF661AF-08D1-4980-AAE1-E03C2B59B866}.Debug|Any CPU.ActiveCfg = Debug|Any CPU
		{4FF661AF-08D1-4980-AAE1-E03C2B59B866}.Debug|Any CPU.Build.0 = Debug|Any CPU
		{4FF661AF-08D1-4980-AAE1-E03C2B59B866}.Release|Any CPU.ActiveCfg = Release|Any CPU
		{4FF661AF-08D1-4980-AAE1-E03C2B59B866}.Release|Any CPU.Build.0 = Release|Any CPU
		{861506A2-CA43-4781-A9D7-5BD1A7FBBFB0}.Debug|Any CPU.ActiveCfg = Debug|Any CPU
		{861506A2-CA43-4781-A9D7-5BD1A7FBBFB0}.Debug|Any CPU.Build.0 = Debug|Any CPU
		{861506A2-CA43-4781-A9D7-5BD1A7FBBFB0}.Release|Any CPU.ActiveCfg = Release|Any CPU
		{861506A2-CA43-4781-A9D7-5BD1A7FBBFB0}.Release|Any CPU.Build.0 = Release|Any CPU
	EndGlobalSection
	GlobalSection(SolutionProperties) = preSolution
		HideSolutionNode = FALSE
	EndGlobalSection
	GlobalSection(ExtensibilityGlobals) = postSolution
		SolutionGuid = {30D3BF22-7FE7-47AF-9597-B524B09DAFC5}
	EndGlobalSection
EndGlobal
